// !$*UTF8*$!
{
	archiveVersion = 1;
	classes = {
	};
	objectVersion = 56;
	objects = {

/* Begin PBXBuildFile section */
		43A69A5E2C026A58008A87E0 /* AppDelegate.swift in Sources */ = {isa = PBXBuildFile; fileRef = 43A69A5D2C026A58008A87E0 /* AppDelegate.swift */; };
		43A69A602C026A58008A87E0 /* SceneDelegate.swift in Sources */ = {isa = PBXBuildFile; fileRef = 43A69A5F2C026A58008A87E0 /* SceneDelegate.swift */; };
		43A69A632C026A58008A87E0 /* LaunchScreen.storyboard in Resources */ = {isa = PBXBuildFile; fileRef = 43A69A612C026A58008A87E0 /* LaunchScreen.storyboard */; };
		43A69A662C026A58008A87E0 /* Main.storyboard in Resources */ = {isa = PBXBuildFile; fileRef = 43A69A642C026A58008A87E0 /* Main.storyboard */; };
		43A69A6F2C026A58008A87E0 /* AppDelegate.swift in Sources */ = {isa = PBXBuildFile; fileRef = 43A69A6E2C026A58008A87E0 /* AppDelegate.swift */; };
		43A69A722C026A58008A87E0 /* Main.storyboard in Resources */ = {isa = PBXBuildFile; fileRef = 43A69A702C026A58008A87E0 /* Main.storyboard */; };
		43A69A7A2C026A58008A87E0 /* Play Downloader Extension.appex in Embed Foundation Extensions */ = {isa = PBXBuildFile; fileRef = 43A69A792C026A58008A87E0 /* Play Downloader Extension.appex */; settings = {ATTRIBUTES = (RemoveHeadersOnCopy, ); }; };
		43A69A842C026A58008A87E0 /* Play Downloader Extension.appex in Embed Foundation Extensions */ = {isa = PBXBuildFile; fileRef = 43A69A832C026A58008A87E0 /* Play Downloader Extension.appex */; settings = {ATTRIBUTES = (RemoveHeadersOnCopy, ); }; };
		43A69A8A2C026A58008A87E0 /* Main.html in Resources */ = {isa = PBXBuildFile; fileRef = 43A69A4D2C026A55008A87E0 /* Main.html */; };
		43A69A8B2C026A58008A87E0 /* Main.html in Resources */ = {isa = PBXBuildFile; fileRef = 43A69A4D2C026A55008A87E0 /* Main.html */; };
		43A69A8C2C026A58008A87E0 /* Icon.png in Resources */ = {isa = PBXBuildFile; fileRef = 43A69A4F2C026A55008A87E0 /* Icon.png */; };
		43A69A8D2C026A58008A87E0 /* Icon.png in Resources */ = {isa = PBXBuildFile; fileRef = 43A69A4F2C026A55008A87E0 /* Icon.png */; };
		43A69A8E2C026A58008A87E0 /* Style.css in Resources */ = {isa = PBXBuildFile; fileRef = 43A69A502C026A55008A87E0 /* Style.css */; };
		43A69A8F2C026A58008A87E0 /* Style.css in Resources */ = {isa = PBXBuildFile; fileRef = 43A69A502C026A55008A87E0 /* Style.css */; };
		43A69A902C026A58008A87E0 /* Script.js in Resources */ = {isa = PBXBuildFile; fileRef = 43A69A512C026A55008A87E0 /* Script.js */; };
		43A69A912C026A58008A87E0 /* Script.js in Resources */ = {isa = PBXBuildFile; fileRef = 43A69A512C026A55008A87E0 /* Script.js */; };
		43A69A922C026A58008A87E0 /* ViewController.swift in Sources */ = {isa = PBXBuildFile; fileRef = 43A69A522C026A55008A87E0 /* ViewController.swift */; };
		43A69A932C026A58008A87E0 /* ViewController.swift in Sources */ = {isa = PBXBuildFile; fileRef = 43A69A522C026A55008A87E0 /* ViewController.swift */; };
		43A69A942C026A58008A87E0 /* Assets.xcassets in Resources */ = {isa = PBXBuildFile; fileRef = 43A69A532C026A58008A87E0 /* Assets.xcassets */; };
		43A69A952C026A58008A87E0 /* Assets.xcassets in Resources */ = {isa = PBXBuildFile; fileRef = 43A69A532C026A58008A87E0 /* Assets.xcassets */; };
		43A69A962C026A58008A87E0 /* SafariWebExtensionHandler.swift in Sources */ = {isa = PBXBuildFile; fileRef = 43A69A552C026A58008A87E0 /* SafariWebExtensionHandler.swift */; };
		43A69A972C026A58008A87E0 /* SafariWebExtensionHandler.swift in Sources */ = {isa = PBXBuildFile; fileRef = 43A69A552C026A58008A87E0 /* SafariWebExtensionHandler.swift */; };
		43A69AAE2C026A60008A87E0 /* icon.png in Resources */ = {isa = PBXBuildFile; fileRef = 43A69AA92C026A60008A87E0 /* icon.png */; };
		43A69AAF2C026A60008A87E0 /* popup.js in Resources */ = {isa = PBXBuildFile; fileRef = 43A69AAA2C026A60008A87E0 /* popup.js */; };
		43A69AB02C026A60008A87E0 /* background.js in Resources */ = {isa = PBXBuildFile; fileRef = 43A69AAB2C026A60008A87E0 /* background.js */; };
		43A69AB12C026A60008A87E0 /* popup.html in Resources */ = {isa = PBXBuildFile; fileRef = 43A69AAC2C026A60008A87E0 /* popup.html */; };
		43A69AB22C026A60008A87E0 /* manifest.json in Resources */ = {isa = PBXBuildFile; fileRef = 43A69AAD2C026A60008A87E0 /* manifest.json */; };
		43A69AB32C026A60008A87E0 /* icon.png in Resources */ = {isa = PBXBuildFile; fileRef = 43A69AA92C026A60008A87E0 /* icon.png */; };
		43A69AB42C026A60008A87E0 /* popup.js in Resources */ = {isa = PBXBuildFile; fileRef = 43A69AAA2C026A60008A87E0 /* popup.js */; };
		43A69AB52C026A60008A87E0 /* background.js in Resources */ = {isa = PBXBuildFile; fileRef = 43A69AAB2C026A60008A87E0 /* background.js */; };
		43A69AB62C026A60008A87E0 /* popup.html in Resources */ = {isa = PBXBuildFile; fileRef = 43A69AAC2C026A60008A87E0 /* popup.html */; };
		43A69AB72C026A60008A87E0 /* manifest.json in Resources */ = {isa = PBXBuildFile; fileRef = 43A69AAD2C026A60008A87E0 /* manifest.json */; };
/* End PBXBuildFile section */

/* Begin PBXContainerItemProxy section */
		43A69A7B2C026A58008A87E0 /* PBXContainerItemProxy */ = {
			isa = PBXContainerItemProxy;
			containerPortal = 43A69A472C026A55008A87E0 /* Project object */;
			proxyType = 1;
			remoteGlobalIDString = 43A69A782C026A58008A87E0;
			remoteInfo = "Play Downloader Extension (iOS)";
		};
		43A69A852C026A58008A87E0 /* PBXContainerItemProxy */ = {
			isa = PBXContainerItemProxy;
			containerPortal = 43A69A472C026A55008A87E0 /* Project object */;
			proxyType = 1;
			remoteGlobalIDString = 43A69A822C026A58008A87E0;
			remoteInfo = "Play Downloader Extension (macOS)";
		};
/* End PBXContainerItemProxy section */

/* Begin PBXCopyFilesBuildPhase section */
		43A69A9D2C026A58008A87E0 /* Embed Foundation Extensions */ = {
			isa = PBXCopyFilesBuildPhase;
			buildActionMask = 2147483647;
			dstPath = "";
			dstSubfolderSpec = 13;
			files = (
				43A69A7A2C026A58008A87E0 /* Play Downloader Extension.appex in Embed Foundation Extensions */,
			);
			name = "Embed Foundation Extensions";
			runOnlyForDeploymentPostprocessing = 0;
		};
		43A69AA42C026A58008A87E0 /* Embed Foundation Extensions */ = {
			isa = PBXCopyFilesBuildPhase;
			buildActionMask = 2147483647;
			dstPath = "";
			dstSubfolderSpec = 13;
			files = (
				43A69A842C026A58008A87E0 /* Play Downloader Extension.appex in Embed Foundation Extensions */,
			);
			name = "Embed Foundation Extensions";
			runOnlyForDeploymentPostprocessing = 0;
		};
/* End PBXCopyFilesBuildPhase section */

/* Begin PBXFileReference section */
		43A69A4E2C026A55008A87E0 /* Base */ = {isa = PBXFileReference; lastKnownFileType = text.html; name = Base; path = ../Base.lproj/Main.html; sourceTree = "<group>"; };
		43A69A4F2C026A55008A87E0 /* Icon.png */ = {isa = PBXFileReference; lastKnownFileType = image.png; path = Icon.png; sourceTree = "<group>"; };
		43A69A502C026A55008A87E0 /* Style.css */ = {isa = PBXFileReference; lastKnownFileType = text.css; path = Style.css; sourceTree = "<group>"; };
		43A69A512C026A55008A87E0 /* Script.js */ = {isa = PBXFileReference; lastKnownFileType = sourcecode.javascript; path = Script.js; sourceTree = "<group>"; };
		43A69A522C026A55008A87E0 /* ViewController.swift */ = {isa = PBXFileReference; lastKnownFileType = sourcecode.swift; path = ViewController.swift; sourceTree = "<group>"; };
		43A69A532C026A58008A87E0 /* Assets.xcassets */ = {isa = PBXFileReference; lastKnownFileType = folder.assetcatalog; path = Assets.xcassets; sourceTree = "<group>"; };
		43A69A552C026A58008A87E0 /* SafariWebExtensionHandler.swift */ = {isa = PBXFileReference; lastKnownFileType = sourcecode.swift; path = SafariWebExtensionHandler.swift; sourceTree = "<group>"; };
		43A69A5A2C026A58008A87E0 /* Play Downloader.app */ = {isa = PBXFileReference; explicitFileType = wrapper.application; includeInIndex = 0; path = "Play Downloader.app"; sourceTree = BUILT_PRODUCTS_DIR; };
		43A69A5D2C026A58008A87E0 /* AppDelegate.swift */ = {isa = PBXFileReference; lastKnownFileType = sourcecode.swift; path = AppDelegate.swift; sourceTree = "<group>"; };
		43A69A5F2C026A58008A87E0 /* SceneDelegate.swift */ = {isa = PBXFileReference; lastKnownFileType = sourcecode.swift; path = SceneDelegate.swift; sourceTree = "<group>"; };
		43A69A622C026A58008A87E0 /* Base */ = {isa = PBXFileReference; lastKnownFileType = file.storyboard; name = Base; path = Base.lproj/LaunchScreen.storyboard; sourceTree = "<group>"; };
		43A69A652C026A58008A87E0 /* Base */ = {isa = PBXFileReference; lastKnownFileType = file.storyboard; name = Base; path = Base.lproj/Main.storyboard; sourceTree = "<group>"; };
		43A69A672C026A58008A87E0 /* Info.plist */ = {isa = PBXFileReference; lastKnownFileType = text.plist.xml; path = Info.plist; sourceTree = "<group>"; };
		43A69A6C2C026A58008A87E0 /* Play Downloader.app */ = {isa = PBXFileReference; explicitFileType = wrapper.application; includeInIndex = 0; path = "Play Downloader.app"; sourceTree = BUILT_PRODUCTS_DIR; };
		43A69A6E2C026A58008A87E0 /* AppDelegate.swift */ = {isa = PBXFileReference; lastKnownFileType = sourcecode.swift; path = AppDelegate.swift; sourceTree = "<group>"; };
		43A69A712C026A58008A87E0 /* Base */ = {isa = PBXFileReference; lastKnownFileType = file.storyboard; name = Base; path = Base.lproj/Main.storyboard; sourceTree = "<group>"; };
		43A69A732C026A58008A87E0 /* Info.plist */ = {isa = PBXFileReference; lastKnownFileType = text.plist.xml; path = Info.plist; sourceTree = "<group>"; };
		43A69A742C026A58008A87E0 /* Play Downloader.entitlements */ = {isa = PBXFileReference; lastKnownFileType = text.plist.entitlements; path = "Play Downloader.entitlements"; sourceTree = "<group>"; };
		43A69A792C026A58008A87E0 /* Play Downloader Extension.appex */ = {isa = PBXFileReference; explicitFileType = "wrapper.app-extension"; includeInIndex = 0; path = "Play Downloader Extension.appex"; sourceTree = BUILT_PRODUCTS_DIR; };
		43A69A7E2C026A58008A87E0 /* Info.plist */ = {isa = PBXFileReference; lastKnownFileType = text.plist.xml; path = Info.plist; sourceTree = "<group>"; };
		43A69A832C026A58008A87E0 /* Play Downloader Extension.appex */ = {isa = PBXFileReference; explicitFileType = "wrapper.app-extension"; includeInIndex = 0; path = "Play Downloader Extension.appex"; sourceTree = BUILT_PRODUCTS_DIR; };
		43A69A882C026A58008A87E0 /* Info.plist */ = {isa = PBXFileReference; lastKnownFileType = text.plist.xml; path = Info.plist; sourceTree = "<group>"; };
		43A69A892C026A58008A87E0 /* Play Downloader.entitlements */ = {isa = PBXFileReference; lastKnownFileType = text.plist.entitlements; path = "Play Downloader.entitlements"; sourceTree = "<group>"; };
		43A69AA92C026A60008A87E0 /* icon.png */ = {isa = PBXFileReference; lastKnownFileType = image.png; name = icon.png; path = ../../../src/icon.png; sourceTree = "<group>"; };
		43A69AAA2C026A60008A87E0 /* popup.js */ = {isa = PBXFileReference; lastKnownFileType = sourcecode.javascript; name = popup.js; path = ../../../src/popup.js; sourceTree = "<group>"; };
		43A69AAB2C026A60008A87E0 /* background.js */ = {isa = PBXFileReference; lastKnownFileType = sourcecode.javascript; name = background.js; path = ../../../src/background.js; sourceTree = "<group>"; };
		43A69AAC2C026A60008A87E0 /* popup.html */ = {isa = PBXFileReference; lastKnownFileType = text.html; name = popup.html; path = ../../../src/popup.html; sourceTree = "<group>"; };
		43A69AAD2C026A60008A87E0 /* manifest.json */ = {isa = PBXFileReference; lastKnownFileType = text.json; name = manifest.json; path = ../../../src/manifest.json; sourceTree = "<group>"; };
/* End PBXFileReference section */

/* Begin PBXFrameworksBuildPhase section */
		43A69A572C026A58008A87E0 /* Frameworks */ = {
			isa = PBXFrameworksBuildPhase;
			buildActionMask = 2147483647;
			files = (
			);
			runOnlyForDeploymentPostprocessing = 0;
		};
		43A69A692C026A58008A87E0 /* Frameworks */ = {
			isa = PBXFrameworksBuildPhase;
			buildActionMask = 2147483647;
			files = (
			);
			runOnlyForDeploymentPostprocessing = 0;
		};
		43A69A762C026A58008A87E0 /* Frameworks */ = {
			isa = PBXFrameworksBuildPhase;
			buildActionMask = 2147483647;
			files = (
			);
			runOnlyForDeploymentPostprocessing = 0;
		};
		43A69A802C026A58008A87E0 /* Frameworks */ = {
			isa = PBXFrameworksBuildPhase;
			buildActionMask = 2147483647;
			files = (
			);
			runOnlyForDeploymentPostprocessing = 0;
		};
/* End PBXFrameworksBuildPhase section */

/* Begin PBXGroup section */
		43A69A462C026A55008A87E0 = {
			isa = PBXGroup;
			children = (
				43A69A4B2C026A55008A87E0 /* Shared (App) */,
				43A69A542C026A58008A87E0 /* Shared (Extension) */,
				43A69A5C2C026A58008A87E0 /* iOS (App) */,
				43A69A6D2C026A58008A87E0 /* macOS (App) */,
				43A69A7D2C026A58008A87E0 /* iOS (Extension) */,
				43A69A872C026A58008A87E0 /* macOS (Extension) */,
				43A69A5B2C026A58008A87E0 /* Products */,
			);
			sourceTree = "<group>";
		};
		43A69A4B2C026A55008A87E0 /* Shared (App) */ = {
			isa = PBXGroup;
			children = (
				43A69A522C026A55008A87E0 /* ViewController.swift */,
				43A69A532C026A58008A87E0 /* Assets.xcassets */,
				43A69A4C2C026A55008A87E0 /* Resources */,
			);
			path = "Shared (App)";
			sourceTree = "<group>";
		};
		43A69A4C2C026A55008A87E0 /* Resources */ = {
			isa = PBXGroup;
			children = (
				43A69A4D2C026A55008A87E0 /* Main.html */,
				43A69A4F2C026A55008A87E0 /* Icon.png */,
				43A69A502C026A55008A87E0 /* Style.css */,
				43A69A512C026A55008A87E0 /* Script.js */,
			);
			path = Resources;
			sourceTree = "<group>";
		};
		43A69A542C026A58008A87E0 /* Shared (Extension) */ = {
			isa = PBXGroup;
			children = (
				43A69AA82C026A60008A87E0 /* Resources */,
				43A69A552C026A58008A87E0 /* SafariWebExtensionHandler.swift */,
			);
			path = "Shared (Extension)";
			sourceTree = "<group>";
		};
		43A69A5B2C026A58008A87E0 /* Products */ = {
			isa = PBXGroup;
			children = (
				43A69A5A2C026A58008A87E0 /* Play Downloader.app */,
				43A69A6C2C026A58008A87E0 /* Play Downloader.app */,
				43A69A792C026A58008A87E0 /* Play Downloader Extension.appex */,
				43A69A832C026A58008A87E0 /* Play Downloader Extension.appex */,
			);
			name = Products;
			sourceTree = "<group>";
		};
		43A69A5C2C026A58008A87E0 /* iOS (App) */ = {
			isa = PBXGroup;
			children = (
				43A69A5D2C026A58008A87E0 /* AppDelegate.swift */,
				43A69A5F2C026A58008A87E0 /* SceneDelegate.swift */,
				43A69A612C026A58008A87E0 /* LaunchScreen.storyboard */,
				43A69A642C026A58008A87E0 /* Main.storyboard */,
				43A69A672C026A58008A87E0 /* Info.plist */,
			);
			path = "iOS (App)";
			sourceTree = "<group>";
		};
		43A69A6D2C026A58008A87E0 /* macOS (App) */ = {
			isa = PBXGroup;
			children = (
				43A69A6E2C026A58008A87E0 /* AppDelegate.swift */,
				43A69A702C026A58008A87E0 /* Main.storyboard */,
				43A69A732C026A58008A87E0 /* Info.plist */,
				43A69A742C026A58008A87E0 /* Play Downloader.entitlements */,
			);
			path = "macOS (App)";
			sourceTree = "<group>";
		};
		43A69A7D2C026A58008A87E0 /* iOS (Extension) */ = {
			isa = PBXGroup;
			children = (
				43A69A7E2C026A58008A87E0 /* Info.plist */,
			);
			path = "iOS (Extension)";
			sourceTree = "<group>";
		};
		43A69A872C026A58008A87E0 /* macOS (Extension) */ = {
			isa = PBXGroup;
			children = (
				43A69A882C026A58008A87E0 /* Info.plist */,
				43A69A892C026A58008A87E0 /* Play Downloader.entitlements */,
			);
			path = "macOS (Extension)";
			sourceTree = "<group>";
		};
		43A69AA82C026A60008A87E0 /* Resources */ = {
			isa = PBXGroup;
			children = (
				43A69AA92C026A60008A87E0 /* icon.png */,
				43A69AAA2C026A60008A87E0 /* popup.js */,
				43A69AAB2C026A60008A87E0 /* background.js */,
				43A69AAC2C026A60008A87E0 /* popup.html */,
				43A69AAD2C026A60008A87E0 /* manifest.json */,
			);
			name = Resources;
			path = "Shared (Extension)";
			sourceTree = SOURCE_ROOT;
		};
/* End PBXGroup section */

/* Begin PBXNativeTarget section */
		43A69A592C026A58008A87E0 /* Play Downloader (iOS) */ = {
			isa = PBXNativeTarget;
			buildConfigurationList = 43A69A9E2C026A58008A87E0 /* Build configuration list for PBXNativeTarget "Play Downloader (iOS)" */;
			buildPhases = (
				43A69A562C026A58008A87E0 /* Sources */,
				43A69A572C026A58008A87E0 /* Frameworks */,
				43A69A582C026A58008A87E0 /* Resources */,
				43A69A9D2C026A58008A87E0 /* Embed Foundation Extensions */,
			);
			buildRules = (
			);
			dependencies = (
				43A69A7C2C026A58008A87E0 /* PBXTargetDependency */,
			);
			name = "Play Downloader (iOS)";
			productName = "Play Downloader (iOS)";
			productReference = 43A69A5A2C026A58008A87E0 /* Play Downloader.app */;
			productType = "com.apple.product-type.application";
		};
		43A69A6B2C026A58008A87E0 /* Play Downloader (macOS) */ = {
			isa = PBXNativeTarget;
			buildConfigurationList = 43A69AA52C026A58008A87E0 /* Build configuration list for PBXNativeTarget "Play Downloader (macOS)" */;
			buildPhases = (
				43A69A682C026A58008A87E0 /* Sources */,
				43A69A692C026A58008A87E0 /* Frameworks */,
				43A69A6A2C026A58008A87E0 /* Resources */,
				43A69AA42C026A58008A87E0 /* Embed Foundation Extensions */,
			);
			buildRules = (
			);
			dependencies = (
				43A69A862C026A58008A87E0 /* PBXTargetDependency */,
			);
			name = "Play Downloader (macOS)";
			productName = "Play Downloader (macOS)";
			productReference = 43A69A6C2C026A58008A87E0 /* Play Downloader.app */;
			productType = "com.apple.product-type.application";
		};
		43A69A782C026A58008A87E0 /* Play Downloader Extension (iOS) */ = {
			isa = PBXNativeTarget;
			buildConfigurationList = 43A69A9A2C026A58008A87E0 /* Build configuration list for PBXNativeTarget "Play Downloader Extension (iOS)" */;
			buildPhases = (
				43A69A752C026A58008A87E0 /* Sources */,
				43A69A762C026A58008A87E0 /* Frameworks */,
				43A69A772C026A58008A87E0 /* Resources */,
			);
			buildRules = (
			);
			dependencies = (
			);
			name = "Play Downloader Extension (iOS)";
			productName = "Play Downloader Extension (iOS)";
			productReference = 43A69A792C026A58008A87E0 /* Play Downloader Extension.appex */;
			productType = "com.apple.product-type.app-extension";
		};
		43A69A822C026A58008A87E0 /* Play Downloader Extension (macOS) */ = {
			isa = PBXNativeTarget;
			buildConfigurationList = 43A69AA12C026A58008A87E0 /* Build configuration list for PBXNativeTarget "Play Downloader Extension (macOS)" */;
			buildPhases = (
				43A69A7F2C026A58008A87E0 /* Sources */,
				43A69A802C026A58008A87E0 /* Frameworks */,
				43A69A812C026A58008A87E0 /* Resources */,
			);
			buildRules = (
			);
			dependencies = (
			);
			name = "Play Downloader Extension (macOS)";
			productName = "Play Downloader Extension (macOS)";
			productReference = 43A69A832C026A58008A87E0 /* Play Downloader Extension.appex */;
			productType = "com.apple.product-type.app-extension";
		};
/* End PBXNativeTarget section */

/* Begin PBXProject section */
		43A69A472C026A55008A87E0 /* Project object */ = {
			isa = PBXProject;
			attributes = {
				BuildIndependentTargetsInParallel = 1;
				LastSwiftUpdateCheck = 1500;
				LastUpgradeCheck = 1500;
				TargetAttributes = {
					43A69A592C026A58008A87E0 = {
						CreatedOnToolsVersion = 15.0.1;
					};
					43A69A6B2C026A58008A87E0 = {
						CreatedOnToolsVersion = 15.0.1;
					};
					43A69A782C026A58008A87E0 = {
						CreatedOnToolsVersion = 15.0.1;
					};
					43A69A822C026A58008A87E0 = {
						CreatedOnToolsVersion = 15.0.1;
					};
				};
			};
			buildConfigurationList = 43A69A4A2C026A55008A87E0 /* Build configuration list for PBXProject "Play Downloader" */;
			compatibilityVersion = "Xcode 14.0";
			developmentRegion = en;
			hasScannedForEncodings = 0;
			knownRegions = (
				en,
				Base,
			);
			mainGroup = 43A69A462C026A55008A87E0;
			productRefGroup = 43A69A5B2C026A58008A87E0 /* Products */;
			projectDirPath = "";
			projectRoot = "";
			targets = (
				43A69A592C026A58008A87E0 /* Play Downloader (iOS) */,
				43A69A6B2C026A58008A87E0 /* Play Downloader (macOS) */,
				43A69A782C026A58008A87E0 /* Play Downloader Extension (iOS) */,
				43A69A822C026A58008A87E0 /* Play Downloader Extension (macOS) */,
			);
		};
/* End PBXProject section */

/* Begin PBXResourcesBuildPhase section */
		43A69A582C026A58008A87E0 /* Resources */ = {
			isa = PBXResourcesBuildPhase;
			buildActionMask = 2147483647;
			files = (
				43A69A8C2C026A58008A87E0 /* Icon.png in Resources */,
				43A69A632C026A58008A87E0 /* LaunchScreen.storyboard in Resources */,
				43A69A8A2C026A58008A87E0 /* Main.html in Resources */,
				43A69A902C026A58008A87E0 /* Script.js in Resources */,
				43A69A942C026A58008A87E0 /* Assets.xcassets in Resources */,
				43A69A662C026A58008A87E0 /* Main.storyboard in Resources */,
				43A69A8E2C026A58008A87E0 /* Style.css in Resources */,
			);
			runOnlyForDeploymentPostprocessing = 0;
		};
		43A69A6A2C026A58008A87E0 /* Resources */ = {
			isa = PBXResourcesBuildPhase;
			buildActionMask = 2147483647;
			files = (
				43A69A8D2C026A58008A87E0 /* Icon.png in Resources */,
				43A69A8F2C026A58008A87E0 /* Style.css in Resources */,
				43A69A722C026A58008A87E0 /* Main.storyboard in Resources */,
				43A69A912C026A58008A87E0 /* Script.js in Resources */,
				43A69A952C026A58008A87E0 /* Assets.xcassets in Resources */,
				43A69A8B2C026A58008A87E0 /* Main.html in Resources */,
			);
			runOnlyForDeploymentPostprocessing = 0;
		};
		43A69A772C026A58008A87E0 /* Resources */ = {
			isa = PBXResourcesBuildPhase;
			buildActionMask = 2147483647;
			files = (
				43A69AB32C026A60008A87E0 /* icon.png in Resources */,
				43A69AB62C026A60008A87E0 /* popup.html in Resources */,
				43A69AB72C026A60008A87E0 /* manifest.json in Resources */,
				43A69AB52C026A60008A87E0 /* background.js in Resources */,
				43A69AB42C026A60008A87E0 /* popup.js in Resources */,
			);
			runOnlyForDeploymentPostprocessing = 0;
		};
		43A69A812C026A58008A87E0 /* Resources */ = {
			isa = PBXResourcesBuildPhase;
			buildActionMask = 2147483647;
			files = (
				43A69AAE2C026A60008A87E0 /* icon.png in Resources */,
				43A69AB12C026A60008A87E0 /* popup.html in Resources */,
				43A69AB22C026A60008A87E0 /* manifest.json in Resources */,
				43A69AB02C026A60008A87E0 /* background.js in Resources */,
				43A69AAF2C026A60008A87E0 /* popup.js in Resources */,
			);
			runOnlyForDeploymentPostprocessing = 0;
		};
/* End PBXResourcesBuildPhase section */

/* Begin PBXSourcesBuildPhase section */
		43A69A562C026A58008A87E0 /* Sources */ = {
			isa = PBXSourcesBuildPhase;
			buildActionMask = 2147483647;
			files = (
				43A69A922C026A58008A87E0 /* ViewController.swift in Sources */,
				43A69A5E2C026A58008A87E0 /* AppDelegate.swift in Sources */,
				43A69A602C026A58008A87E0 /* SceneDelegate.swift in Sources */,
			);
			runOnlyForDeploymentPostprocessing = 0;
		};
		43A69A682C026A58008A87E0 /* Sources */ = {
			isa = PBXSourcesBuildPhase;
			buildActionMask = 2147483647;
			files = (
				43A69A932C026A58008A87E0 /* ViewController.swift in Sources */,
				43A69A6F2C026A58008A87E0 /* AppDelegate.swift in Sources */,
			);
			runOnlyForDeploymentPostprocessing = 0;
		};
		43A69A752C026A58008A87E0 /* Sources */ = {
			isa = PBXSourcesBuildPhase;
			buildActionMask = 2147483647;
			files = (
				43A69A962C026A58008A87E0 /* SafariWebExtensionHandler.swift in Sources */,
			);
			runOnlyForDeploymentPostprocessing = 0;
		};
		43A69A7F2C026A58008A87E0 /* Sources */ = {
			isa = PBXSourcesBuildPhase;
			buildActionMask = 2147483647;
			files = (
				43A69A972C026A58008A87E0 /* SafariWebExtensionHandler.swift in Sources */,
			);
			runOnlyForDeploymentPostprocessing = 0;
		};
/* End PBXSourcesBuildPhase section */

/* Begin PBXTargetDependency section */
		43A69A7C2C026A58008A87E0 /* PBXTargetDependency */ = {
			isa = PBXTargetDependency;
			target = 43A69A782C026A58008A87E0 /* Play Downloader Extension (iOS) */;
			targetProxy = 43A69A7B2C026A58008A87E0 /* PBXContainerItemProxy */;
		};
		43A69A862C026A58008A87E0 /* PBXTargetDependency */ = {
			isa = PBXTargetDependency;
			target = 43A69A822C026A58008A87E0 /* Play Downloader Extension (macOS) */;
			targetProxy = 43A69A852C026A58008A87E0 /* PBXContainerItemProxy */;
		};
/* End PBXTargetDependency section */

/* Begin PBXVariantGroup section */
		43A69A4D2C026A55008A87E0 /* Main.html */ = {
			isa = PBXVariantGroup;
			children = (
				43A69A4E2C026A55008A87E0 /* Base */,
			);
			name = Main.html;
			sourceTree = "<group>";
		};
		43A69A612C026A58008A87E0 /* LaunchScreen.storyboard */ = {
			isa = PBXVariantGroup;
			children = (
				43A69A622C026A58008A87E0 /* Base */,
			);
			name = LaunchScreen.storyboard;
			sourceTree = "<group>";
		};
		43A69A642C026A58008A87E0 /* Main.storyboard */ = {
			isa = PBXVariantGroup;
			children = (
				43A69A652C026A58008A87E0 /* Base */,
			);
			name = Main.storyboard;
			sourceTree = "<group>";
		};
		43A69A702C026A58008A87E0 /* Main.storyboard */ = {
			isa = PBXVariantGroup;
			children = (
				43A69A712C026A58008A87E0 /* Base */,
			);
			name = Main.storyboard;
			sourceTree = "<group>";
		};
/* End PBXVariantGroup section */

/* Begin XCBuildConfiguration section */
		43A69A982C026A58008A87E0 /* Debug */ = {
			isa = XCBuildConfiguration;
			buildSettings = {
				ALWAYS_SEARCH_USER_PATHS = NO;
				ASSETCATALOG_COMPILER_GENERATE_SWIFT_ASSET_SYMBOL_EXTENSIONS = YES;
				CLANG_ANALYZER_NONNULL = YES;
				CLANG_ANALYZER_NUMBER_OBJECT_CONVERSION = YES_AGGRESSIVE;
				CLANG_CXX_LANGUAGE_STANDARD = "gnu++20";
				CLANG_ENABLE_MODULES = YES;
				CLANG_ENABLE_OBJC_ARC = YES;
				CLANG_ENABLE_OBJC_WEAK = YES;
				CLANG_WARN_BLOCK_CAPTURE_AUTORELEASING = YES;
				CLANG_WARN_BOOL_CONVERSION = YES;
				CLANG_WARN_COMMA = YES;
				CLANG_WARN_CONSTANT_CONVERSION = YES;
				CLANG_WARN_DEPRECATED_OBJC_IMPLEMENTATIONS = YES;
				CLANG_WARN_DIRECT_OBJC_ISA_USAGE = YES_ERROR;
				CLANG_WARN_DOCUMENTATION_COMMENTS = YES;
				CLANG_WARN_EMPTY_BODY = YES;
				CLANG_WARN_ENUM_CONVERSION = YES;
				CLANG_WARN_INFINITE_RECURSION = YES;
				CLANG_WARN_INT_CONVERSION = YES;
				CLANG_WARN_NON_LITERAL_NULL_CONVERSION = YES;
				CLANG_WARN_OBJC_IMPLICIT_RETAIN_SELF = YES;
				CLANG_WARN_OBJC_LITERAL_CONVERSION = YES;
				CLANG_WARN_OBJC_ROOT_CLASS = YES_ERROR;
				CLANG_WARN_QUOTED_INCLUDE_IN_FRAMEWORK_HEADER = YES;
				CLANG_WARN_RANGE_LOOP_ANALYSIS = YES;
				CLANG_WARN_STRICT_PROTOTYPES = YES;
				CLANG_WARN_SUSPICIOUS_MOVE = YES;
				CLANG_WARN_UNGUARDED_AVAILABILITY = YES_AGGRESSIVE;
				CLANG_WARN_UNREACHABLE_CODE = YES;
				CLANG_WARN__DUPLICATE_METHOD_MATCH = YES;
				COPY_PHASE_STRIP = NO;
				DEBUG_INFORMATION_FORMAT = dwarf;
				ENABLE_STRICT_OBJC_MSGSEND = YES;
				ENABLE_TESTABILITY = YES;
				ENABLE_USER_SCRIPT_SANDBOXING = YES;
				GCC_C_LANGUAGE_STANDARD = gnu17;
				GCC_DYNAMIC_NO_PIC = NO;
				GCC_NO_COMMON_BLOCKS = YES;
				GCC_OPTIMIZATION_LEVEL = 0;
				GCC_PREPROCESSOR_DEFINITIONS = (
					"DEBUG=1",
					"$(inherited)",
				);
				GCC_WARN_64_TO_32_BIT_CONVERSION = YES;
				GCC_WARN_ABOUT_RETURN_TYPE = YES_ERROR;
				GCC_WARN_UNDECLARED_SELECTOR = YES;
				GCC_WARN_UNINITIALIZED_AUTOS = YES_AGGRESSIVE;
				GCC_WARN_UNUSED_FUNCTION = YES;
				GCC_WARN_UNUSED_VARIABLE = YES;
				LOCALIZATION_PREFERS_STRING_CATALOGS = YES;
				MTL_ENABLE_DEBUG_INFO = INCLUDE_SOURCE;
				MTL_FAST_MATH = YES;
				ONLY_ACTIVE_ARCH = YES;
				SWIFT_ACTIVE_COMPILATION_CONDITIONS = "DEBUG $(inherited)";
				SWIFT_OPTIMIZATION_LEVEL = "-Onone";
			};
			name = Debug;
		};
		43A69A992C026A58008A87E0 /* Release */ = {
			isa = XCBuildConfiguration;
			buildSettings = {
				ALWAYS_SEARCH_USER_PATHS = NO;
				ASSETCATALOG_COMPILER_GENERATE_SWIFT_ASSET_SYMBOL_EXTENSIONS = YES;
				CLANG_ANALYZER_NONNULL = YES;
				CLANG_ANALYZER_NUMBER_OBJECT_CONVERSION = YES_AGGRESSIVE;
				CLANG_CXX_LANGUAGE_STANDARD = "gnu++20";
				CLANG_ENABLE_MODULES = YES;
				CLANG_ENABLE_OBJC_ARC = YES;
				CLANG_ENABLE_OBJC_WEAK = YES;
				CLANG_WARN_BLOCK_CAPTURE_AUTORELEASING = YES;
				CLANG_WARN_BOOL_CONVERSION = YES;
				CLANG_WARN_COMMA = YES;
				CLANG_WARN_CONSTANT_CONVERSION = YES;
				CLANG_WARN_DEPRECATED_OBJC_IMPLEMENTATIONS = YES;
				CLANG_WARN_DIRECT_OBJC_ISA_USAGE = YES_ERROR;
				CLANG_WARN_DOCUMENTATION_COMMENTS = YES;
				CLANG_WARN_EMPTY_BODY = YES;
				CLANG_WARN_ENUM_CONVERSION = YES;
				CLANG_WARN_INFINITE_RECURSION = YES;
				CLANG_WARN_INT_CONVERSION = YES;
				CLANG_WARN_NON_LITERAL_NULL_CONVERSION = YES;
				CLANG_WARN_OBJC_IMPLICIT_RETAIN_SELF = YES;
				CLANG_WARN_OBJC_LITERAL_CONVERSION = YES;
				CLANG_WARN_OBJC_ROOT_CLASS = YES_ERROR;
				CLANG_WARN_QUOTED_INCLUDE_IN_FRAMEWORK_HEADER = YES;
				CLANG_WARN_RANGE_LOOP_ANALYSIS = YES;
				CLANG_WARN_STRICT_PROTOTYPES = YES;
				CLANG_WARN_SUSPICIOUS_MOVE = YES;
				CLANG_WARN_UNGUARDED_AVAILABILITY = YES_AGGRESSIVE;
				CLANG_WARN_UNREACHABLE_CODE = YES;
				CLANG_WARN__DUPLICATE_METHOD_MATCH = YES;
				COPY_PHASE_STRIP = NO;
				DEBUG_INFORMATION_FORMAT = "dwarf-with-dsym";
				ENABLE_NS_ASSERTIONS = NO;
				ENABLE_STRICT_OBJC_MSGSEND = YES;
				ENABLE_USER_SCRIPT_SANDBOXING = YES;
				GCC_C_LANGUAGE_STANDARD = gnu17;
				GCC_NO_COMMON_BLOCKS = YES;
				GCC_WARN_64_TO_32_BIT_CONVERSION = YES;
				GCC_WARN_ABOUT_RETURN_TYPE = YES_ERROR;
				GCC_WARN_UNDECLARED_SELECTOR = YES;
				GCC_WARN_UNINITIALIZED_AUTOS = YES_AGGRESSIVE;
				GCC_WARN_UNUSED_FUNCTION = YES;
				GCC_WARN_UNUSED_VARIABLE = YES;
				LOCALIZATION_PREFERS_STRING_CATALOGS = YES;
				MTL_ENABLE_DEBUG_INFO = NO;
				MTL_FAST_MATH = YES;
				SWIFT_COMPILATION_MODE = wholemodule;
			};
			name = Release;
		};
		43A69A9B2C026A58008A87E0 /* Debug */ = {
			isa = XCBuildConfiguration;
			buildSettings = {
				CODE_SIGN_STYLE = Automatic;
				CURRENT_PROJECT_VERSION = 1;
				GENERATE_INFOPLIST_FILE = YES;
				INFOPLIST_FILE = "iOS (Extension)/Info.plist";
				INFOPLIST_KEY_CFBundleDisplayName = "Play Downloader Extension";
				INFOPLIST_KEY_NSHumanReadableCopyright = "";
				IPHONEOS_DEPLOYMENT_TARGET = 15.0;
				LD_RUNPATH_SEARCH_PATHS = (
					"$(inherited)",
					"@executable_path/Frameworks",
					"@executable_path/../../Frameworks",
				);
				MARKETING_VERSION = 1.0;
				OTHER_LDFLAGS = (
					"-framework",
					SafariServices,
				);
				PRODUCT_BUNDLE_IDENTIFIER = "com.yourCompany.Play-Downloader.Extension";
				PRODUCT_NAME = "Play Downloader Extension";
				SDKROOT = iphoneos;
				SKIP_INSTALL = YES;
				SWIFT_EMIT_LOC_STRINGS = YES;
				SWIFT_VERSION = 5.0;
				TARGETED_DEVICE_FAMILY = "1,2";
			};
			name = Debug;
		};
		43A69A9C2C026A58008A87E0 /* Release */ = {
			isa = XCBuildConfiguration;
			buildSettings = {
				CODE_SIGN_STYLE = Automatic;
				CURRENT_PROJECT_VERSION = 1;
				GENERATE_INFOPLIST_FILE = YES;
				INFOPLIST_FILE = "iOS (Extension)/Info.plist";
				INFOPLIST_KEY_CFBundleDisplayName = "Play Downloader Extension";
				INFOPLIST_KEY_NSHumanReadableCopyright = "";
				IPHONEOS_DEPLOYMENT_TARGET = 15.0;
				LD_RUNPATH_SEARCH_PATHS = (
					"$(inherited)",
					"@executable_path/Frameworks",
					"@executable_path/../../Frameworks",
				);
				MARKETING_VERSION = 1.0;
				OTHER_LDFLAGS = (
					"-framework",
					SafariServices,
				);
				PRODUCT_BUNDLE_IDENTIFIER = "com.yourCompany.Play-Downloader.Extension";
				PRODUCT_NAME = "Play Downloader Extension";
				SDKROOT = iphoneos;
				SKIP_INSTALL = YES;
				SWIFT_EMIT_LOC_STRINGS = YES;
				SWIFT_VERSION = 5.0;
				TARGETED_DEVICE_FAMILY = "1,2";
				VALIDATE_PRODUCT = YES;
			};
			name = Release;
		};
		43A69A9F2C026A58008A87E0 /* Debug */ = {
			isa = XCBuildConfiguration;
			buildSettings = {
				ALWAYS_EMBED_SWIFT_STANDARD_LIBRARIES = YES;
				ASSETCATALOG_COMPILER_APPICON_NAME = AppIcon;
				ASSETCATALOG_COMPILER_GLOBAL_ACCENT_COLOR_NAME = AccentColor;
				CODE_SIGN_STYLE = Automatic;
				CURRENT_PROJECT_VERSION = 1;
				GENERATE_INFOPLIST_FILE = YES;
				INFOPLIST_FILE = "iOS (App)/Info.plist";
				INFOPLIST_KEY_CFBundleDisplayName = "Play Downloader";
				INFOPLIST_KEY_UIApplicationSupportsIndirectInputEvents = YES;
				INFOPLIST_KEY_UILaunchStoryboardName = LaunchScreen;
				INFOPLIST_KEY_UIMainStoryboardFile = Main;
				INFOPLIST_KEY_UISupportedInterfaceOrientations = "UIInterfaceOrientationPortrait UIInterfaceOrientationLandscapeLeft UIInterfaceOrientationLandscapeRight";
				INFOPLIST_KEY_UISupportedInterfaceOrientations_iPad = "UIInterfaceOrientationPortrait UIInterfaceOrientationPortraitUpsideDown UIInterfaceOrientationLandscapeLeft UIInterfaceOrientationLandscapeRight";
				IPHONEOS_DEPLOYMENT_TARGET = 15.0;
				LD_RUNPATH_SEARCH_PATHS = (
					"$(inherited)",
					"@executable_path/Frameworks",
				);
				MARKETING_VERSION = 1.0;
				OTHER_LDFLAGS = (
					"-framework",
					SafariServices,
					"-framework",
					WebKit,
				);
				PRODUCT_BUNDLE_IDENTIFIER = "com.yourCompany.Play-Downloader";
				PRODUCT_NAME = "Play Downloader";
				SDKROOT = iphoneos;
				SWIFT_EMIT_LOC_STRINGS = YES;
				SWIFT_VERSION = 5.0;
				TARGETED_DEVICE_FAMILY = "1,2";
			};
			name = Debug;
		};
		43A69AA02C026A58008A87E0 /* Release */ = {
			isa = XCBuildConfiguration;
			buildSettings = {
				ALWAYS_EMBED_SWIFT_STANDARD_LIBRARIES = YES;
				ASSETCATALOG_COMPILER_APPICON_NAME = AppIcon;
				ASSETCATALOG_COMPILER_GLOBAL_ACCENT_COLOR_NAME = AccentColor;
				CODE_SIGN_STYLE = Automatic;
				CURRENT_PROJECT_VERSION = 1;
				GENERATE_INFOPLIST_FILE = YES;
				INFOPLIST_FILE = "iOS (App)/Info.plist";
				INFOPLIST_KEY_CFBundleDisplayName = "Play Downloader";
				INFOPLIST_KEY_UIApplicationSupportsIndirectInputEvents = YES;
				INFOPLIST_KEY_UILaunchStoryboardName = LaunchScreen;
				INFOPLIST_KEY_UIMainStoryboardFile = Main;
				INFOPLIST_KEY_UISupportedInterfaceOrientations = "UIInterfaceOrientationPortrait UIInterfaceOrientationLandscapeLeft UIInterfaceOrientationLandscapeRight";
				INFOPLIST_KEY_UISupportedInterfaceOrientations_iPad = "UIInterfaceOrientationPortrait UIInterfaceOrientationPortraitUpsideDown UIInterfaceOrientationLandscapeLeft UIInterfaceOrientationLandscapeRight";
				IPHONEOS_DEPLOYMENT_TARGET = 15.0;
				LD_RUNPATH_SEARCH_PATHS = (
					"$(inherited)",
					"@executable_path/Frameworks",
				);
				MARKETING_VERSION = 1.0;
				OTHER_LDFLAGS = (
					"-framework",
					SafariServices,
					"-framework",
					WebKit,
				);
				PRODUCT_BUNDLE_IDENTIFIER = "com.yourCompany.Play-Downloader";
				PRODUCT_NAME = "Play Downloader";
				SDKROOT = iphoneos;
				SWIFT_EMIT_LOC_STRINGS = YES;
				SWIFT_VERSION = 5.0;
				TARGETED_DEVICE_FAMILY = "1,2";
				VALIDATE_PRODUCT = YES;
			};
			name = Release;
		};
		43A69AA22C026A58008A87E0 /* Debug */ = {
			isa = XCBuildConfiguration;
			buildSettings = {
				CODE_SIGN_ENTITLEMENTS = "macOS (Extension)/Play Downloader.entitlements";
				CODE_SIGN_STYLE = Automatic;
				CURRENT_PROJECT_VERSION = 1;
				ENABLE_HARDENED_RUNTIME = YES;
				GENERATE_INFOPLIST_FILE = YES;
				INFOPLIST_FILE = "macOS (Extension)/Info.plist";
				INFOPLIST_KEY_CFBundleDisplayName = "Play Downloader Extension";
				INFOPLIST_KEY_NSHumanReadableCopyright = "";
				LD_RUNPATH_SEARCH_PATHS = (
					"$(inherited)",
					"@executable_path/../Frameworks",
					"@executable_path/../../../../Frameworks",
				);
				MACOSX_DEPLOYMENT_TARGET = 10.14;
				MARKETING_VERSION = 1.0;
				OTHER_LDFLAGS = (
					"-framework",
					SafariServices,
				);
				PRODUCT_BUNDLE_IDENTIFIER = "com.yourCompany.Play-Downloader.Extension";
				PRODUCT_NAME = "Play Downloader Extension";
				SDKROOT = macosx;
				SKIP_INSTALL = YES;
				SWIFT_EMIT_LOC_STRINGS = YES;
				SWIFT_VERSION = 5.0;
			};
			name = Debug;
		};
		43A69AA32C026A58008A87E0 /* Release */ = {
			isa = XCBuildConfiguration;
			buildSettings = {
				CODE_SIGN_ENTITLEMENTS = "macOS (Extension)/Play Downloader.entitlements";
				CODE_SIGN_STYLE = Automatic;
				CURRENT_PROJECT_VERSION = 1;
				ENABLE_HARDENED_RUNTIME = YES;
				GENERATE_INFOPLIST_FILE = YES;
				INFOPLIST_FILE = "macOS (Extension)/Info.plist";
				INFOPLIST_KEY_CFBundleDisplayName = "Play Downloader Extension";
				INFOPLIST_KEY_NSHumanReadableCopyright = "";
				LD_RUNPATH_SEARCH_PATHS = (
					"$(inherited)",
					"@executable_path/../Frameworks",
					"@executable_path/../../../../Frameworks",
				);
				MACOSX_DEPLOYMENT_TARGET = 10.14;
				MARKETING_VERSION = 1.0;
				OTHER_LDFLAGS = (
					"-framework",
					SafariServices,
				);
				PRODUCT_BUNDLE_IDENTIFIER = "com.yourCompany.Play-Downloader.Extension";
				PRODUCT_NAME = "Play Downloader Extension";
				SDKROOT = macosx;
				SKIP_INSTALL = YES;
				SWIFT_EMIT_LOC_STRINGS = YES;
				SWIFT_VERSION = 5.0;
			};
			name = Release;
		};
		43A69AA62C026A58008A87E0 /* Debug */ = {
			isa = XCBuildConfiguration;
			buildSettings = {
				ALWAYS_EMBED_SWIFT_STANDARD_LIBRARIES = YES;
				ASSETCATALOG_COMPILER_APPICON_NAME = AppIcon;
				ASSETCATALOG_COMPILER_GLOBAL_ACCENT_COLOR_NAME = AccentColor;
				CODE_SIGN_ENTITLEMENTS = "macOS (App)/Play Downloader.entitlements";
				CODE_SIGN_STYLE = Automatic;
				CURRENT_PROJECT_VERSION = 1;
				ENABLE_HARDENED_RUNTIME = YES;
				GENERATE_INFOPLIST_FILE = YES;
				INFOPLIST_FILE = "macOS (App)/Info.plist";
				INFOPLIST_KEY_CFBundleDisplayName = "Play Downloader";
				INFOPLIST_KEY_NSMainStoryboardFile = Main;
				INFOPLIST_KEY_NSPrincipalClass = NSApplication;
				LD_RUNPATH_SEARCH_PATHS = (
					"$(inherited)",
					"@executable_path/../Frameworks",
				);
				MACOSX_DEPLOYMENT_TARGET = 10.14;
				MARKETING_VERSION = 1.0;
				OTHER_LDFLAGS = (
					"-framework",
					SafariServices,
					"-framework",
					WebKit,
				);
				PRODUCT_BUNDLE_IDENTIFIER = "com.yourCompany.Play-Downloader";
				PRODUCT_NAME = "Play Downloader";
				SDKROOT = macosx;
				SWIFT_EMIT_LOC_STRINGS = YES;
				SWIFT_VERSION = 5.0;
			};
			name = Debug;
		};
		43A69AA72C026A58008A87E0 /* Release */ = {
			isa = XCBuildConfiguration;
			buildSettings = {
				ALWAYS_EMBED_SWIFT_STANDARD_LIBRARIES = YES;
				ASSETCATALOG_COMPILER_APPICON_NAME = AppIcon;
				ASSETCATALOG_COMPILER_GLOBAL_ACCENT_COLOR_NAME = AccentColor;
				CODE_SIGN_ENTITLEMENTS = "macOS (App)/Play Downloader.entitlements";
				CODE_SIGN_STYLE = Automatic;
				CURRENT_PROJECT_VERSION = 1;
				ENABLE_HARDENED_RUNTIME = YES;
				GENERATE_INFOPLIST_FILE = YES;
				INFOPLIST_FILE = "macOS (App)/Info.plist";
				INFOPLIST_KEY_CFBundleDisplayName = "Play Downloader";
				INFOPLIST_KEY_NSMainStoryboardFile = Main;
				INFOPLIST_KEY_NSPrincipalClass = NSApplication;
				LD_RUNPATH_SEARCH_PATHS = (
					"$(inherited)",
					"@executable_path/../Frameworks",
				);
				MACOSX_DEPLOYMENT_TARGET = 10.14;
				MARKETING_VERSION = 1.0;
				OTHER_LDFLAGS = (
					"-framework",
					SafariServices,
					"-framework",
					WebKit,
				);
				PRODUCT_BUNDLE_IDENTIFIER = "com.yourCompany.Play-Downloader";
				PRODUCT_NAME = "Play Downloader";
				SDKROOT = macosx;
				SWIFT_EMIT_LOC_STRINGS = YES;
				SWIFT_VERSION = 5.0;
			};
			name = Release;
		};
/* End XCBuildConfiguration section */

/* Begin XCConfigurationList section */
		43A69A4A2C026A55008A87E0 /* Build configuration list for PBXProject "Play Downloader" */ = {
			isa = XCConfigurationList;
			buildConfigurations = (
				43A69A982C026A58008A87E0 /* Debug */,
				43A69A992C026A58008A87E0 /* Release */,
			);
			defaultConfigurationIsVisible = 0;
			defaultConfigurationName = Release;
		};
		43A69A9A2C026A58008A87E0 /* Build configuration list for PBXNativeTarget "Play Downloader Extension (iOS)" */ = {
			isa = XCConfigurationList;
			buildConfigurations = (
				43A69A9B2C026A58008A87E0 /* Debug */,
				43A69A9C2C026A58008A87E0 /* Release */,
			);
			defaultConfigurationIsVisible = 0;
			defaultConfigurationName = Release;
		};
		43A69A9E2C026A58008A87E0 /* Build configuration list for PBXNativeTarget "Play Downloader (iOS)" */ = {
			isa = XCConfigurationList;
			buildConfigurations = (
				43A69A9F2C026A58008A87E0 /* Debug */,
				43A69AA02C026A58008A87E0 /* Release */,
			);
			defaultConfigurationIsVisible = 0;
			defaultConfigurationName = Release;
		};
		43A69AA12C026A58008A87E0 /* Build configuration list for PBXNativeTarget "Play Downloader Extension (macOS)" */ = {
			isa = XCConfigurationList;
			buildConfigurations = (
				43A69AA22C026A58008A87E0 /* Debug */,
				43A69AA32C026A58008A87E0 /* Release */,
			);
			defaultConfigurationIsVisible = 0;
			defaultConfigurationName = Release;
		};
		43A69AA52C026A58008A87E0 /* Build configuration list for PBXNativeTarget "Play Downloader (macOS)" */ = {
			isa = XCConfigurationList;
			buildConfigurations = (
				43A69AA62C026A58008A87E0 /* Debug */,
				43A69AA72C026A58008A87E0 /* Release */,
			);
			defaultConfigurationIsVisible = 0;
			defaultConfigurationName = Release;
		};
/* End XCConfigurationList section */
	};
	rootObject = 43A69A472C026A55008A87E0 /* Project object */;
}
